
Microsoft Visual Studio Solution File, Format Version 12.00
# Visual Studio Version 17
VisualStudioVersion = 17.14.36414.22 d17.14
MinimumVisualStudioVersion = 10.0.40219.1
Project("{FAE04EC0-301F-11D3-BF4B-00C04F79EFBC}") = "FixGuardian", "FixGuardian\FixGuardian.csproj", "{E1317BBC-A202-452E-9FB6-4489C0ED2550}"
EndProject
Project("{FAE04EC0-301F-11D3-BF4B-00C04F79EFBC}") = "FixGuardian.Message", "FixGuardian.Message\FixGuardian.Message.csproj", "{96BF5CC2-4981-461C-9229-4780F533AB7C}"
EndProject
Project("{FAE04EC0-301F-11D3-BF4B-00C04F79EFBC}") = "FixGuardian.TestFramework", "FixGuardian.TestFramework\FixGuardian.TestFramework.csproj", "{D9BEE5A7-6886-4187-98FF-8E34A4567A1C}"
EndProject
Project("{FAE04EC0-301F-11D3-BF4B-00C04F79EFBC}") = "FixGuardian.Test", "FixGuardian.Test\FixGuardian.Test.csproj", "{F0651065-BEE3-4E52-8BC5-054E181D152C}"
EndProject
Global
	GlobalSection(SolutionConfigurationPlatforms) = preSolution
		Debug|Any CPU = Debug|Any CPU
		Release|Any CPU = Release|Any CPU
	EndGlobalSection
	GlobalSection(ProjectConfigurationPlatforms) = postSolution
		{E1317BBC-A202-452E-9FB6-4489C0ED2550}.Debug|Any CPU.ActiveCfg = Debug|Any CPU
		{E1317BBC-A202-452E-9FB6-4489C0ED2550}.Debug|Any CPU.Build.0 = Debug|Any CPU
		{E1317BBC-A202-452E-9FB6-4489C0ED2550}.Release|Any CPU.ActiveCfg = Release|Any CPU
		{E1317BBC-A202-452E-9FB6-4489C0ED2550}.Release|Any CPU.Build.0 = Release|Any CPU
		{96BF5CC2-4981-461C-9229-4780F533AB7C}.Debug|Any CPU.ActiveCfg = Debug|Any CPU
		{96BF5CC2-4981-461C-9229-4780F533AB7C}.Debug|Any CPU.Build.0 = Debug|Any CPU
		{96BF5CC2-4981-461C-9229-4780F533AB7C}.Release|Any CPU.ActiveCfg = Release|Any CPU
		{96BF5CC2-4981-461C-9229-4780F533AB7C}.Release|Any CPU.Build.0 = Release|Any CPU
		{D9BEE5A7-6886-4187-98FF-8E34A4567A1C}.Debug|Any CPU.ActiveCfg = Debug|Any CPU
		{D9BEE5A7-6886-4187-98FF-8E34A4567A1C}.Debug|Any CPU.Build.0 = Debug|Any CPU
		{D9BEE5A7-6886-4187-98FF-8E34A4567A1C}.Release|Any CPU.ActiveCfg = Release|Any CPU
		{D9BEE5A7-6886-4187-98FF-8E34A4567A1C}.Release|Any CPU.Build.0 = Release|Any CPU
		{F0651065-BEE3-4E52-8BC5-054E181D152C}.Debug|Any CPU.ActiveCfg = Debug|Any CPU
		{F0651065-BEE3-4E52-8BC5-054E181D152C}.Debug|Any CPU.Build.0 = Debug|Any CPU
		{F0651065-BEE3-4E52-8BC5-054E181D152C}.Release|Any CPU.ActiveCfg = Release|Any CPU
		{F0651065-BEE3-4E52-8BC5-054E181D152C}.Release|Any CPU.Build.0 = Release|Any CPU
	EndGlobalSection
	GlobalSection(SolutionProperties) = preSolution
		HideSolutionNode = FALSE
	EndGlobalSection
	GlobalSection(ExtensibilityGlobals) = postSolution
		SolutionGuid = {1FAB15E8-D621-488B-A855-988F7248FB27}
	EndGlobalSection
EndGlobal
